
Microsoft Visual Studio Solution File, Format Version 12.00
# Visual Studio Version 17
VisualStudioVersion = 17.5.2.0
MinimumVisualStudioVersion = 10.0.40219.1
Project("{FAE04EC0-301F-11D3-BF4B-00C04F79EFBC}") = "Explore04", "Explore04\Explore04.csproj", "{6CACD303-95F8-8122-7AF2-F5E95B62513B}"
EndProject
Project("{FAE04EC0-301F-11D3-BF4B-00C04F79EFBC}") = "Explore05", "Explore05\Explore05.csproj", "{2573B476-04EA-4F9E-9FB3-624E795285D9}"
EndProject
Project("{FAE04EC0-301F-11D3-BF4B-00C04F79EFBC}") = "InsuranceManagementSystem04", "InsuranceManagementSystem04\InsuranceManagementSystem04.csproj", "{BDDCF3DB-76A0-4EE3-86FE-EF9C4CD2769B}"
EndProject
Project("{FAE04EC0-301F-11D3-BF4B-00C04F79EFBC}") = "HospitalCareManagementSystem04", "HospitalCareManagementSystem04\HospitalCareManagementSystem04.csproj", "{D9C820C5-91FF-4EDD-9389-CECEA65A0567}"
EndProject
Project("{FAE04EC0-301F-11D3-BF4B-00C04F79EFBC}") = "LibraryManagementSystem05", "LibraryManagementSystem05\LibraryManagementSystem05.csproj", "{1D141BC2-02A8-4DFF-900D-16D7933AFFC5}"
EndProject
Project("{FAE04EC0-301F-11D3-BF4B-00C04F79EFBC}") = "Explore06", "Explore06\Explore06.csproj", "{3245F74C-E7C1-4D44-BEA9-02CE6D99E4A9}"
EndProject
Project("{FAE04EC0-301F-11D3-BF4B-00C04F79EFBC}") = "Real-TimeTradingSystem06", "Real-TimeTradingSystem06\Real-TimeTradingSystem06.csproj", "{EC9A3BFF-E8F5-46B7-906A-FD130A8F19AA}"
EndProject
Project("{FAE04EC0-301F-11D3-BF4B-00C04F79EFBC}") = "Explore07", "Explore07\Explore07.csproj", "{06E88C23-7240-4E3E-9667-B0BDC472311D}"
EndProject
Project("{FAE04EC0-301F-11D3-BF4B-00C04F79EFBC}") = "FlipKeyLogicalProblem07", "FlipKeyLogicalProblem07\FlipKeyLogicalProblem07.csproj", "{5C374203-32AD-481C-86FA-70FB185B86F2}"
EndProject
Project("{FAE04EC0-301F-11D3-BF4B-00C04F79EFBC}") = "PayRollPro07", "PayRollPro07\PayRollPro07.csproj", "{22A92F3D-E32F-463A-A2B9-427A1D3A0940}"
EndProject
Project("{FAE04EC0-301F-11D3-BF4B-00C04F79EFBC}") = "EnterpriseDataProcessing&ControlSystem07", "EnterpriseDataProcessing&ControlSystem07\EnterpriseDataProcessing&ControlSystem07.csproj", "{45340E1E-5337-44FF-B941-2460359C40D3}"
EndProject
Project("{FAE04EC0-301F-11D3-BF4B-00C04F79EFBC}") = "MediSureClinic08", "MediSureClinic08\MediSureClinic08.csproj", "{39066054-B19D-4CEC-97BB-4242008B324E}"
EndProject
Project("{FAE04EC0-301F-11D3-BF4B-00C04F79EFBC}") = "QuickMartTraders08", "QuickMartTraders08\QuickMartTraders08.csproj", "{3F8EC444-E1F0-4CC1-BD6A-E338E36CA9AC}"
EndProject
Project("{FAE04EC0-301F-11D3-BF4B-00C04F79EFBC}") = "FaceID09", "FaceID09\FaceID09.csproj", "{E82C0F9D-813F-4EB0-ABC3-07D025C73D75}"
EndProject
Project("{FAE04EC0-301F-11D3-BF4B-00C04F79EFBC}") = "Explore09", "Explore09\Explore09.csproj", "{D565CFFC-6E7A-4B30-9FD2-FD6C570486C7}"
EndProject
Global
	GlobalSection(SolutionConfigurationPlatforms) = preSolution
		Debug|Any CPU = Debug|Any CPU
		Debug|x64 = Debug|x64
		Debug|x86 = Debug|x86
		Release|Any CPU = Release|Any CPU
		Release|x64 = Release|x64
		Release|x86 = Release|x86
	EndGlobalSection
	GlobalSection(ProjectConfigurationPlatforms) = postSolution
		{6CACD303-95F8-8122-7AF2-F5E95B62513B}.Debug|Any CPU.ActiveCfg = Debug|Any CPU
		{6CACD303-95F8-8122-7AF2-F5E95B62513B}.Debug|Any CPU.Build.0 = Debug|Any CPU
		{6CACD303-95F8-8122-7AF2-F5E95B62513B}.Debug|x64.ActiveCfg = Debug|Any CPU
		{6CACD303-95F8-8122-7AF2-F5E95B62513B}.Debug|x64.Build.0 = Debug|Any CPU
		{6CACD303-95F8-8122-7AF2-F5E95B62513B}.Debug|x86.ActiveCfg = Debug|Any CPU
		{6CACD303-95F8-8122-7AF2-F5E95B62513B}.Debug|x86.Build.0 = Debug|Any CPU
		{6CACD303-95F8-8122-7AF2-F5E95B62513B}.Release|Any CPU.ActiveCfg = Release|Any CPU
		{6CACD303-95F8-8122-7AF2-F5E95B62513B}.Release|Any CPU.Build.0 = Release|Any CPU
		{6CACD303-95F8-8122-7AF2-F5E95B62513B}.Release|x64.ActiveCfg = Release|Any CPU
		{6CACD303-95F8-8122-7AF2-F5E95B62513B}.Release|x64.Build.0 = Release|Any CPU
		{6CACD303-95F8-8122-7AF2-F5E95B62513B}.Release|x86.ActiveCfg = Release|Any CPU
		{6CACD303-95F8-8122-7AF2-F5E95B62513B}.Release|x86.Build.0 = Release|Any CPU
		{2573B476-04EA-4F9E-9FB3-624E795285D9}.Debug|Any CPU.ActiveCfg = Debug|Any CPU
		{2573B476-04EA-4F9E-9FB3-624E795285D9}.Debug|Any CPU.Build.0 = Debug|Any CPU
		{2573B476-04EA-4F9E-9FB3-624E795285D9}.Debug|x64.ActiveCfg = Debug|Any CPU
		{2573B476-04EA-4F9E-9FB3-624E795285D9}.Debug|x64.Build.0 = Debug|Any CPU
		{2573B476-04EA-4F9E-9FB3-624E795285D9}.Debug|x86.ActiveCfg = Debug|Any CPU
		{2573B476-04EA-4F9E-9FB3-624E795285D9}.Debug|x86.Build.0 = Debug|Any CPU
		{2573B476-04EA-4F9E-9FB3-624E795285D9}.Release|Any CPU.ActiveCfg = Release|Any CPU
		{2573B476-04EA-4F9E-9FB3-624E795285D9}.Release|Any CPU.Build.0 = Release|Any CPU
		{2573B476-04EA-4F9E-9FB3-624E795285D9}.Release|x64.ActiveCfg = Release|Any CPU
		{2573B476-04EA-4F9E-9FB3-624E795285D9}.Release|x64.Build.0 = Release|Any CPU
		{2573B476-04EA-4F9E-9FB3-624E795285D9}.Release|x86.ActiveCfg = Release|Any CPU
		{2573B476-04EA-4F9E-9FB3-624E795285D9}.Release|x86.Build.0 = Release|Any CPU
		{BDDCF3DB-76A0-4EE3-86FE-EF9C4CD2769B}.Debug|Any CPU.ActiveCfg = Debug|Any CPU
		{BDDCF3DB-76A0-4EE3-86FE-EF9C4CD2769B}.Debug|Any CPU.Build.0 = Debug|Any CPU
		{BDDCF3DB-76A0-4EE3-86FE-EF9C4CD2769B}.Debug|x64.ActiveCfg = Debug|Any CPU
		{BDDCF3DB-76A0-4EE3-86FE-EF9C4CD2769B}.Debug|x64.Build.0 = Debug|Any CPU
		{BDDCF3DB-76A0-4EE3-86FE-EF9C4CD2769B}.Debug|x86.ActiveCfg = Debug|Any CPU
		{BDDCF3DB-76A0-4EE3-86FE-EF9C4CD2769B}.Debug|x86.Build.0 = Debug|Any CPU
		{BDDCF3DB-76A0-4EE3-86FE-EF9C4CD2769B}.Release|Any CPU.ActiveCfg = Release|Any CPU
		{BDDCF3DB-76A0-4EE3-86FE-EF9C4CD2769B}.Release|Any CPU.Build.0 = Release|Any CPU
		{BDDCF3DB-76A0-4EE3-86FE-EF9C4CD2769B}.Release|x64.ActiveCfg = Release|Any CPU
		{BDDCF3DB-76A0-4EE3-86FE-EF9C4CD2769B}.Release|x64.Build.0 = Release|Any CPU
		{BDDCF3DB-76A0-4EE3-86FE-EF9C4CD2769B}.Release|x86.ActiveCfg = Release|Any CPU
		{BDDCF3DB-76A0-4EE3-86FE-EF9C4CD2769B}.Release|x86.Build.0 = Release|Any CPU
		{D9C820C5-91FF-4EDD-9389-CECEA65A0567}.Debug|Any CPU.ActiveCfg = Debug|Any CPU
		{D9C820C5-91FF-4EDD-9389-CECEA65A0567}.Debug|Any CPU.Build.0 = Debug|Any CPU
		{D9C820C5-91FF-4EDD-9389-CECEA65A0567}.Debug|x64.ActiveCfg = Debug|Any CPU
		{D9C820C5-91FF-4EDD-9389-CECEA65A0567}.Debug|x64.Build.0 = Debug|Any CPU
		{D9C820C5-91FF-4EDD-9389-CECEA65A0567}.Debug|x86.ActiveCfg = Debug|Any CPU
		{D9C820C5-91FF-4EDD-9389-CECEA65A0567}.Debug|x86.Build.0 = Debug|Any CPU
		{D9C820C5-91FF-4EDD-9389-CECEA65A0567}.Release|Any CPU.ActiveCfg = Release|Any CPU
		{D9C820C5-91FF-4EDD-9389-CECEA65A0567}.Release|Any CPU.Build.0 = Release|Any CPU
		{D9C820C5-91FF-4EDD-9389-CECEA65A0567}.Release|x64.ActiveCfg = Release|Any CPU
		{D9C820C5-91FF-4EDD-9389-CECEA65A0567}.Release|x64.Build.0 = Release|Any CPU
		{D9C820C5-91FF-4EDD-9389-CECEA65A0567}.Release|x86.ActiveCfg = Release|Any CPU
		{D9C820C5-91FF-4EDD-9389-CECEA65A0567}.Release|x86.Build.0 = Release|Any CPU
		{1D141BC2-02A8-4DFF-900D-16D7933AFFC5}.Debug|Any CPU.ActiveCfg = Debug|Any CPU
		{1D141BC2-02A8-4DFF-900D-16D7933AFFC5}.Debug|Any CPU.Build.0 = Debug|Any CPU
		{1D141BC2-02A8-4DFF-900D-16D7933AFFC5}.Debug|x64.ActiveCfg = Debug|Any CPU
		{1D141BC2-02A8-4DFF-900D-16D7933AFFC5}.Debug|x64.Build.0 = Debug|Any CPU
		{1D141BC2-02A8-4DFF-900D-16D7933AFFC5}.Debug|x86.ActiveCfg = Debug|Any CPU
		{1D141BC2-02A8-4DFF-900D-16D7933AFFC5}.Debug|x86.Build.0 = Debug|Any CPU
		{1D141BC2-02A8-4DFF-900D-16D7933AFFC5}.Release|Any CPU.ActiveCfg = Release|Any CPU
		{1D141BC2-02A8-4DFF-900D-16D7933AFFC5}.Release|Any CPU.Build.0 = Release|Any CPU
		{1D141BC2-02A8-4DFF-900D-16D7933AFFC5}.Release|x64.ActiveCfg = Release|Any CPU
		{1D141BC2-02A8-4DFF-900D-16D7933AFFC5}.Release|x64.Build.0 = Release|Any CPU
		{1D141BC2-02A8-4DFF-900D-16D7933AFFC5}.Release|x86.ActiveCfg = Release|Any CPU
		{1D141BC2-02A8-4DFF-900D-16D7933AFFC5}.Release|x86.Build.0 = Release|Any CPU
		{3245F74C-E7C1-4D44-BEA9-02CE6D99E4A9}.Debug|Any CPU.ActiveCfg = Debug|Any CPU
		{3245F74C-E7C1-4D44-BEA9-02CE6D99E4A9}.Debug|Any CPU.Build.0 = Debug|Any CPU
		{3245F74C-E7C1-4D44-BEA9-02CE6D99E4A9}.Debug|x64.ActiveCfg = Debug|Any CPU
		{3245F74C-E7C1-4D44-BEA9-02CE6D99E4A9}.Debug|x64.Build.0 = Debug|Any CPU
		{3245F74C-E7C1-4D44-BEA9-02CE6D99E4A9}.Debug|x86.ActiveCfg = Debug|Any CPU
		{3245F74C-E7C1-4D44-BEA9-02CE6D99E4A9}.Debug|x86.Build.0 = Debug|Any CPU
		{3245F74C-E7C1-4D44-BEA9-02CE6D99E4A9}.Release|Any CPU.ActiveCfg = Release|Any CPU
		{3245F74C-E7C1-4D44-BEA9-02CE6D99E4A9}.Release|Any CPU.Build.0 = Release|Any CPU
		{3245F74C-E7C1-4D44-BEA9-02CE6D99E4A9}.Release|x64.ActiveCfg = Release|Any CPU
		{3245F74C-E7C1-4D44-BEA9-02CE6D99E4A9}.Release|x64.Build.0 = Release|Any CPU
		{3245F74C-E7C1-4D44-BEA9-02CE6D99E4A9}.Release|x86.ActiveCfg = Release|Any CPU
		{3245F74C-E7C1-4D44-BEA9-02CE6D99E4A9}.Release|x86.Build.0 = Release|Any CPU
		{EC9A3BFF-E8F5-46B7-906A-FD130A8F19AA}.Debug|Any CPU.ActiveCfg = Debug|Any CPU
		{EC9A3BFF-E8F5-46B7-906A-FD130A8F19AA}.Debug|Any CPU.Build.0 = Debug|Any CPU
		{EC9A3BFF-E8F5-46B7-906A-FD130A8F19AA}.Debug|x64.ActiveCfg = Debug|Any CPU
		{EC9A3BFF-E8F5-46B7-906A-FD130A8F19AA}.Debug|x64.Build.0 = Debug|Any CPU
		{EC9A3BFF-E8F5-46B7-906A-FD130A8F19AA}.Debug|x86.ActiveCfg = Debug|Any CPU
		{EC9A3BFF-E8F5-46B7-906A-FD130A8F19AA}.Debug|x86.Build.0 = Debug|Any CPU
		{EC9A3BFF-E8F5-46B7-906A-FD130A8F19AA}.Release|Any CPU.ActiveCfg = Release|Any CPU
		{EC9A3BFF-E8F5-46B7-906A-FD130A8F19AA}.Release|Any CPU.Build.0 = Release|Any CPU
		{EC9A3BFF-E8F5-46B7-906A-FD130A8F19AA}.Release|x64.ActiveCfg = Release|Any CPU
		{EC9A3BFF-E8F5-46B7-906A-FD130A8F19AA}.Release|x64.Build.0 = Release|Any CPU
		{EC9A3BFF-E8F5-46B7-906A-FD130A8F19AA}.Release|x86.ActiveCfg = Release|Any CPU
		{EC9A3BFF-E8F5-46B7-906A-FD130A8F19AA}.Release|x86.Build.0 = Release|Any CPU
		{06E88C23-7240-4E3E-9667-B0BDC472311D}.Debug|Any CPU.ActiveCfg = Debug|Any CPU
		{06E88C23-7240-4E3E-9667-B0BDC472311D}.Debug|Any CPU.Build.0 = Debug|Any CPU
		{06E88C23-7240-4E3E-9667-B0BDC472311D}.Debug|x64.ActiveCfg = Debug|Any CPU
		{06E88C23-7240-4E3E-9667-B0BDC472311D}.Debug|x64.Build.0 = Debug|Any CPU
		{06E88C23-7240-4E3E-9667-B0BDC472311D}.Debug|x86.ActiveCfg = Debug|Any CPU
		{06E88C23-7240-4E3E-9667-B0BDC472311D}.Debug|x86.Build.0 = Debug|Any CPU
		{06E88C23-7240-4E3E-9667-B0BDC472311D}.Release|Any CPU.ActiveCfg = Release|Any CPU
		{06E88C23-7240-4E3E-9667-B0BDC472311D}.Release|Any CPU.Build.0 = Release|Any CPU
		{06E88C23-7240-4E3E-9667-B0BDC472311D}.Release|x64.ActiveCfg = Release|Any CPU
		{06E88C23-7240-4E3E-9667-B0BDC472311D}.Release|x64.Build.0 = Release|Any CPU
		{06E88C23-7240-4E3E-9667-B0BDC472311D}.Release|x86.ActiveCfg = Release|Any CPU
		{06E88C23-7240-4E3E-9667-B0BDC472311D}.Release|x86.Build.0 = Release|Any CPU
		{5C374203-32AD-481C-86FA-70FB185B86F2}.Debug|Any CPU.ActiveCfg = Debug|Any CPU
		{5C374203-32AD-481C-86FA-70FB185B86F2}.Debug|Any CPU.Build.0 = Debug|Any CPU
		{5C374203-32AD-481C-86FA-70FB185B86F2}.Debug|x64.ActiveCfg = Debug|Any CPU
		{5C374203-32AD-481C-86FA-70FB185B86F2}.Debug|x64.Build.0 = Debug|Any CPU
		{5C374203-32AD-481C-86FA-70FB185B86F2}.Debug|x86.ActiveCfg = Debug|Any CPU
		{5C374203-32AD-481C-86FA-70FB185B86F2}.Debug|x86.Build.0 = Debug|Any CPU
		{5C374203-32AD-481C-86FA-70FB185B86F2}.Release|Any CPU.ActiveCfg = Release|Any CPU
		{5C374203-32AD-481C-86FA-70FB185B86F2}.Release|Any CPU.Build.0 = Release|Any CPU
		{5C374203-32AD-481C-86FA-70FB185B86F2}.Release|x64.ActiveCfg = Release|Any CPU
		{5C374203-32AD-481C-86FA-70FB185B86F2}.Release|x64.Build.0 = Release|Any CPU
		{5C374203-32AD-481C-86FA-70FB185B86F2}.Release|x86.ActiveCfg = Release|Any CPU
		{5C374203-32AD-481C-86FA-70FB185B86F2}.Release|x86.Build.0 = Release|Any CPU
		{22A92F3D-E32F-463A-A2B9-427A1D3A0940}.Debug|Any CPU.ActiveCfg = Debug|Any CPU
		{22A92F3D-E32F-463A-A2B9-427A1D3A0940}.Debug|Any CPU.Build.0 = Debug|Any CPU
		{22A92F3D-E32F-463A-A2B9-427A1D3A0940}.Debug|x64.ActiveCfg = Debug|Any CPU
		{22A92F3D-E32F-463A-A2B9-427A1D3A0940}.Debug|x64.Build.0 = Debug|Any CPU
		{22A92F3D-E32F-463A-A2B9-427A1D3A0940}.Debug|x86.ActiveCfg = Debug|Any CPU
		{22A92F3D-E32F-463A-A2B9-427A1D3A0940}.Debug|x86.Build.0 = Debug|Any CPU
		{22A92F3D-E32F-463A-A2B9-427A1D3A0940}.Release|Any CPU.ActiveCfg = Release|Any CPU
		{22A92F3D-E32F-463A-A2B9-427A1D3A0940}.Release|Any CPU.Build.0 = Release|Any CPU
		{22A92F3D-E32F-463A-A2B9-427A1D3A0940}.Release|x64.ActiveCfg = Release|Any CPU
		{22A92F3D-E32F-463A-A2B9-427A1D3A0940}.Release|x64.Build.0 = Release|Any CPU
		{22A92F3D-E32F-463A-A2B9-427A1D3A0940}.Release|x86.ActiveCfg = Release|Any CPU
		{22A92F3D-E32F-463A-A2B9-427A1D3A0940}.Release|x86.Build.0 = Release|Any CPU
		{45340E1E-5337-44FF-B941-2460359C40D3}.Debug|Any CPU.ActiveCfg = Debug|Any CPU
		{45340E1E-5337-44FF-B941-2460359C40D3}.Debug|Any CPU.Build.0 = Debug|Any CPU
		{45340E1E-5337-44FF-B941-2460359C40D3}.Debug|x64.ActiveCfg = Debug|Any CPU
		{45340E1E-5337-44FF-B941-2460359C40D3}.Debug|x64.Build.0 = Debug|Any CPU
		{45340E1E-5337-44FF-B941-2460359C40D3}.Debug|x86.ActiveCfg = Debug|Any CPU
		{45340E1E-5337-44FF-B941-2460359C40D3}.Debug|x86.Build.0 = Debug|Any CPU
		{45340E1E-5337-44FF-B941-2460359C40D3}.Release|Any CPU.ActiveCfg = Release|Any CPU
		{45340E1E-5337-44FF-B941-2460359C40D3}.Release|Any CPU.Build.0 = Release|Any CPU
		{45340E1E-5337-44FF-B941-2460359C40D3}.Release|x64.ActiveCfg = Release|Any CPU
		{45340E1E-5337-44FF-B941-2460359C40D3}.Release|x64.Build.0 = Release|Any CPU
		{45340E1E-5337-44FF-B941-2460359C40D3}.Release|x86.ActiveCfg = Release|Any CPU
		{45340E1E-5337-44FF-B941-2460359C40D3}.Release|x86.Build.0 = Release|Any CPU
		{39066054-B19D-4CEC-97BB-4242008B324E}.Debug|Any CPU.ActiveCfg = Debug|Any CPU
		{39066054-B19D-4CEC-97BB-4242008B324E}.Debug|Any CPU.Build.0 = Debug|Any CPU
		{39066054-B19D-4CEC-97BB-4242008B324E}.Debug|x64.ActiveCfg = Debug|Any CPU
		{39066054-B19D-4CEC-97BB-4242008B324E}.Debug|x64.Build.0 = Debug|Any CPU
		{39066054-B19D-4CEC-97BB-4242008B324E}.Debug|x86.ActiveCfg = Debug|Any CPU
		{39066054-B19D-4CEC-97BB-4242008B324E}.Debug|x86.Build.0 = Debug|Any CPU
		{39066054-B19D-4CEC-97BB-4242008B324E}.Release|Any CPU.ActiveCfg = Release|Any CPU
		{39066054-B19D-4CEC-97BB-4242008B324E}.Release|Any CPU.Build.0 = Release|Any CPU
		{39066054-B19D-4CEC-97BB-4242008B324E}.Release|x64.ActiveCfg = Release|Any CPU
		{39066054-B19D-4CEC-97BB-4242008B324E}.Release|x64.Build.0 = Release|Any CPU
		{39066054-B19D-4CEC-97BB-4242008B324E}.Release|x86.ActiveCfg = Release|Any CPU
		{39066054-B19D-4CEC-97BB-4242008B324E}.Release|x86.Build.0 = Release|Any CPU
		{3F8EC444-E1F0-4CC1-BD6A-E338E36CA9AC}.Debug|Any CPU.ActiveCfg = Debug|Any CPU
		{3F8EC444-E1F0-4CC1-BD6A-E338E36CA9AC}.Debug|Any CPU.Build.0 = Debug|Any CPU
		{3F8EC444-E1F0-4CC1-BD6A-E338E36CA9AC}.Debug|x64.ActiveCfg = Debug|Any CPU
		{3F8EC444-E1F0-4CC1-BD6A-E338E36CA9AC}.Debug|x64.Build.0 = Debug|Any CPU
		{3F8EC444-E1F0-4CC1-BD6A-E338E36CA9AC}.Debug|x86.ActiveCfg = Debug|Any CPU
		{3F8EC444-E1F0-4CC1-BD6A-E338E36CA9AC}.Debug|x86.Build.0 = Debug|Any CPU
		{3F8EC444-E1F0-4CC1-BD6A-E338E36CA9AC}.Release|Any CPU.ActiveCfg = Release|Any CPU
		{3F8EC444-E1F0-4CC1-BD6A-E338E36CA9AC}.Release|Any CPU.Build.0 = Release|Any CPU
		{3F8EC444-E1F0-4CC1-BD6A-E338E36CA9AC}.Release|x64.ActiveCfg = Release|Any CPU
		{3F8EC444-E1F0-4CC1-BD6A-E338E36CA9AC}.Release|x64.Build.0 = Release|Any CPU
		{3F8EC444-E1F0-4CC1-BD6A-E338E36CA9AC}.Release|x86.ActiveCfg = Release|Any CPU
		{3F8EC444-E1F0-4CC1-BD6A-E338E36CA9AC}.Release|x86.Build.0 = Release|Any CPU
		{E82C0F9D-813F-4EB0-ABC3-07D025C73D75}.Debug|Any CPU.ActiveCfg = Debug|Any CPU
		{E82C0F9D-813F-4EB0-ABC3-07D025C73D75}.Debug|Any CPU.Build.0 = Debug|Any CPU
		{E82C0F9D-813F-4EB0-ABC3-07D025C73D75}.Debug|x64.ActiveCfg = Debug|Any CPU
		{E82C0F9D-813F-4EB0-ABC3-07D025C73D75}.Debug|x64.Build.0 = Debug|Any CPU
		{E82C0F9D-813F-4EB0-ABC3-07D025C73D75}.Debug|x86.ActiveCfg = Debug|Any CPU
		{E82C0F9D-813F-4EB0-ABC3-07D025C73D75}.Debug|x86.Build.0 = Debug|Any CPU
		{E82C0F9D-813F-4EB0-ABC3-07D025C73D75}.Release|Any CPU.ActiveCfg = Release|Any CPU
		{E82C0F9D-813F-4EB0-ABC3-07D025C73D75}.Release|Any CPU.Build.0 = Release|Any CPU
		{E82C0F9D-813F-4EB0-ABC3-07D025C73D75}.Release|x64.ActiveCfg = Release|Any CPU
		{E82C0F9D-813F-4EB0-ABC3-07D025C73D75}.Release|x64.Build.0 = Release|Any CPU
		{E82C0F9D-813F-4EB0-ABC3-07D025C73D75}.Release|x86.ActiveCfg = Release|Any CPU
		{E82C0F9D-813F-4EB0-ABC3-07D025C73D75}.Release|x86.Build.0 = Release|Any CPU
		{D565CFFC-6E7A-4B30-9FD2-FD6C570486C7}.Debug|Any CPU.ActiveCfg = Debug|Any CPU
		{D565CFFC-6E7A-4B30-9FD2-FD6C570486C7}.Debug|Any CPU.Build.0 = Debug|Any CPU
		{D565CFFC-6E7A-4B30-9FD2-FD6C570486C7}.Debug|x64.ActiveCfg = Debug|Any CPU
		{D565CFFC-6E7A-4B30-9FD2-FD6C570486C7}.Debug|x64.Build.0 = Debug|Any CPU
		{D565CFFC-6E7A-4B30-9FD2-FD6C570486C7}.Debug|x86.ActiveCfg = Debug|Any CPU
		{D565CFFC-6E7A-4B30-9FD2-FD6C570486C7}.Debug|x86.Build.0 = Debug|Any CPU
		{D565CFFC-6E7A-4B30-9FD2-FD6C570486C7}.Release|Any CPU.ActiveCfg = Release|Any CPU
		{D565CFFC-6E7A-4B30-9FD2-FD6C570486C7}.Release|Any CPU.Build.0 = Release|Any CPU
		{D565CFFC-6E7A-4B30-9FD2-FD6C570486C7}.Release|x64.ActiveCfg = Release|Any CPU
		{D565CFFC-6E7A-4B30-9FD2-FD6C570486C7}.Release|x64.Build.0 = Release|Any CPU
		{D565CFFC-6E7A-4B30-9FD2-FD6C570486C7}.Release|x86.ActiveCfg = Release|Any CPU
		{D565CFFC-6E7A-4B30-9FD2-FD6C570486C7}.Release|x86.Build.0 = Release|Any CPU
	EndGlobalSection
	GlobalSection(SolutionProperties) = preSolution
		HideSolutionNode = FALSE
	EndGlobalSection
	GlobalSection(ExtensibilityGlobals) = postSolution
		SolutionGuid = {D5471926-8BAB-467B-9ACC-02552D8C35C2}
	EndGlobalSection
EndGlobal
